
Microsoft Visual Studio Solution File, Format Version 12.00
# Visual Studio Version 17
VisualStudioVersion = 17.7.34221.43
MinimumVisualStudioVersion = 10.0.40219.1
Project("{FAE04EC0-301F-11D3-BF4B-00C04F79EFBC}") = "MyFinRestaurantApplication", "MyFinRestaurantApplication\MyFinRestaurantApplication.csproj", "{48C2420B-D15C-4CAC-8D33-9E72BC0DE207}"
EndProject
Global
	GlobalSection(SolutionConfigurationPlatforms) = preSolution
		Debug|Any CPU = Debug|Any CPU
		Release|Any CPU = Release|Any CPU
	EndGlobalSection
	GlobalSection(ProjectConfigurationPlatforms) = postSolution
		{48C2420B-D15C-4CAC-8D33-9E72BC0DE207}.Debug|Any CPU.ActiveCfg = Debug|Any CPU
		{48C2420B-D15C-4CAC-8D33-9E72BC0DE207}.Debug|Any CPU.Build.0 = Debug|Any CPU
		{48C2420B-D15C-4CAC-8D33-9E72BC0DE207}.Release|Any CPU.ActiveCfg = Release|Any CPU
		{48C2420B-D15C-4CAC-8D33-9E72BC0DE207}.Release|Any CPU.Build.0 = Release|Any CPU
	EndGlobalSection
	GlobalSection(SolutionProperties) = preSolution
		HideSolutionNode = FALSE
	EndGlobalSection
	GlobalSection(ExtensibilityGlobals) = postSolution
		SolutionGuid = {9C111CED-AF6E-4EA5-A581-12EB19055798}
	EndGlobalSection
EndGlobal
